// !$*UTF8*$!
{
	archiveVersion = 1;
	classes = {
	};
	objectVersion = 50;
	objects = {

/* Begin PBXBuildFile section */
		5E422BE223164E0D00CCC88B /* AppDelegate.swift in Sources */ = {isa = PBXBuildFile; fileRef = 5E422BE123164E0D00CCC88B /* AppDelegate.swift */; };
		5E422BE423164E0D00CCC88B /* RootViewController.swift in Sources */ = {isa = PBXBuildFile; fileRef = 5E422BE323164E0D00CCC88B /* RootViewController.swift */; };
		5E422BE723164E0D00CCC88B /* Main.storyboard in Resources */ = {isa = PBXBuildFile; fileRef = 5E422BE523164E0D00CCC88B /* Main.storyboard */; };
		5E422BE923164E0E00CCC88B /* Assets.xcassets in Resources */ = {isa = PBXBuildFile; fileRef = 5E422BE823164E0E00CCC88B /* Assets.xcassets */; };
		5E422BEC23164E0E00CCC88B /* LaunchScreen.storyboard in Resources */ = {isa = PBXBuildFile; fileRef = 5E422BEA23164E0E00CCC88B /* LaunchScreen.storyboard */; };
		5E8B1932231ADEB5002D97AF /* ItemDetailsViewController.swift in Sources */ = {isa = PBXBuildFile; fileRef = 5E8B1931231ADEB5002D97AF /* ItemDetailsViewController.swift */; };
		5E8B1934231AE131002D97AF /* ItemDetailsViewModel.swift in Sources */ = {isa = PBXBuildFile; fileRef = 5E8B1933231AE131002D97AF /* ItemDetailsViewModel.swift */; };
		5E8B194D231B3668002D97AF /* GenericItem.swift in Sources */ = {isa = PBXBuildFile; fileRef = 5E8B194C231B3668002D97AF /* GenericItem.swift */; };
		5E8B194F231B49E8002D97AF /* GenericView.xib in Resources */ = {isa = PBXBuildFile; fileRef = 5E8B194E231B49E8002D97AF /* GenericView.xib */; };
		5E8B1951231B4FC8002D97AF /* GenericView.swift in Sources */ = {isa = PBXBuildFile; fileRef = 5E8B1950231B4FC8002D97AF /* GenericView.swift */; };
		5E8B1955231B871B002D97AF /* DetailsItem.swift in Sources */ = {isa = PBXBuildFile; fileRef = 5E8B1954231B871B002D97AF /* DetailsItem.swift */; };
		5ED5D50B2319F6BF00932021 /* HTTPLayer.swift in Sources */ = {isa = PBXBuildFile; fileRef = 5ED5D5092319F6BF00932021 /* HTTPLayer.swift */; };
		5ED5D50C2319F6BF00932021 /* APIClient.swift in Sources */ = {isa = PBXBuildFile; fileRef = 5ED5D50A2319F6BF00932021 /* APIClient.swift */; };
		5ED5D50E2319F98E00932021 /* RootViewModel.swift in Sources */ = {isa = PBXBuildFile; fileRef = 5ED5D50D2319F98E00932021 /* RootViewModel.swift */; };
		5ED5D5112319FBFA00932021 /* Int_Extensions.swift in Sources */ = {isa = PBXBuildFile; fileRef = 5ED5D5102319FBFA00932021 /* Int_Extensions.swift */; };
		5ED5D513231A03DA00932021 /* RootElementCell.swift in Sources */ = {isa = PBXBuildFile; fileRef = 5ED5D512231A03DA00932021 /* RootElementCell.swift */; };
		5ED5D516231A046200932021 /* RootViewControllerExtension.swift in Sources */ = {isa = PBXBuildFile; fileRef = 5ED5D515231A046200932021 /* RootViewControllerExtension.swift */; };
		5ED5D51A231A0A1700932021 /* RootCategory.swift in Sources */ = {isa = PBXBuildFile; fileRef = 5ED5D519231A0A1700932021 /* RootCategory.swift */; };
		5ED5D520231A0C8700932021 /* CategoryDetailViewController.swift in Sources */ = {isa = PBXBuildFile; fileRef = 5ED5D51F231A0C8700932021 /* CategoryDetailViewController.swift */; };
		5ED5D522231A10AB00932021 /* CategoryDetailCell.swift in Sources */ = {isa = PBXBuildFile; fileRef = 5ED5D521231A10AB00932021 /* CategoryDetailCell.swift */; };
		5ED5D525231A114600932021 /* CategoryDetailsViewControllerExt.swift in Sources */ = {isa = PBXBuildFile; fileRef = 5ED5D524231A114600932021 /* CategoryDetailsViewControllerExt.swift */; };
		5ED5D527231A117900932021 /* CategoryDetailsViewModel.swift in Sources */ = {isa = PBXBuildFile; fileRef = 5ED5D526231A117900932021 /* CategoryDetailsViewModel.swift */; };
		5ED5D529231A122000932021 /* CategoryElement.swift in Sources */ = {isa = PBXBuildFile; fileRef = 5ED5D528231A122000932021 /* CategoryElement.swift */; };
		5ED5D52F231A2DC900932021 /* String_Extensions.swift in Sources */ = {isa = PBXBuildFile; fileRef = 5ED5D52E231A2DC900932021 /* String_Extensions.swift */; };
		5EDD019F231C55FF00300B86 /* DateFormater_Extensions.swift in Sources */ = {isa = PBXBuildFile; fileRef = 5EDD019E231C55FF00300B86 /* DateFormater_Extensions.swift */; };
		5EDD01A1231C564A00300B86 /* Date_Extensions.swift in Sources */ = {isa = PBXBuildFile; fileRef = 5EDD01A0231C564A00300B86 /* Date_Extensions.swift */; };
		5EDD01A9231C903800300B86 /* WheelsUpiOSUnitTests.swift in Sources */ = {isa = PBXBuildFile; fileRef = 5EDD01A8231C903800300B86 /* WheelsUpiOSUnitTests.swift */; };
		5EDD01B4231C938100300B86 /* DetailsItem.swift in Sources */ = {isa = PBXBuildFile; fileRef = 5E8B1954231B871B002D97AF /* DetailsItem.swift */; };
		5EDD01B5231C938100300B86 /* GenericItem.swift in Sources */ = {isa = PBXBuildFile; fileRef = 5E8B194C231B3668002D97AF /* GenericItem.swift */; };
		5EDD01B6231C938100300B86 /* ItemDetailsViewModel.swift in Sources */ = {isa = PBXBuildFile; fileRef = 5E8B1933231AE131002D97AF /* ItemDetailsViewModel.swift */; };
		5EDD01B7231C938100300B86 /* ItemDetailsViewController.swift in Sources */ = {isa = PBXBuildFile; fileRef = 5E8B1931231ADEB5002D97AF /* ItemDetailsViewController.swift */; };
		5EDD01B8231C938100300B86 /* CategoryElement.swift in Sources */ = {isa = PBXBuildFile; fileRef = 5ED5D528231A122000932021 /* CategoryElement.swift */; };
		5EDD01BA231C938100300B86 /* CategoryDetailsViewModel.swift in Sources */ = {isa = PBXBuildFile; fileRef = 5ED5D526231A117900932021 /* CategoryDetailsViewModel.swift */; };
		5EDD01BB231C938100300B86 /* CategoryDetailsViewControllerExt.swift in Sources */ = {isa = PBXBuildFile; fileRef = 5ED5D524231A114600932021 /* CategoryDetailsViewControllerExt.swift */; };
		5EDD01BC231C938100300B86 /* CategoryDetailViewController.swift in Sources */ = {isa = PBXBuildFile; fileRef = 5ED5D51F231A0C8700932021 /* CategoryDetailViewController.swift */; };
		5EDD01BD231C938100300B86 /* CategoryDetailCell.swift in Sources */ = {isa = PBXBuildFile; fileRef = 5ED5D521231A10AB00932021 /* CategoryDetailCell.swift */; };
		5EDD01BF231C938100300B86 /* GenericView.swift in Sources */ = {isa = PBXBuildFile; fileRef = 5E8B1950231B4FC8002D97AF /* GenericView.swift */; };
		5EDD01C0231C938100300B86 /* Int_Extensions.swift in Sources */ = {isa = PBXBuildFile; fileRef = 5ED5D5102319FBFA00932021 /* Int_Extensions.swift */; };
		5EDD01C1231C938100300B86 /* String_Extensions.swift in Sources */ = {isa = PBXBuildFile; fileRef = 5ED5D52E231A2DC900932021 /* String_Extensions.swift */; };
		5EDD01C2231C938100300B86 /* DateFormater_Extensions.swift in Sources */ = {isa = PBXBuildFile; fileRef = 5EDD019E231C55FF00300B86 /* DateFormater_Extensions.swift */; };
		5EDD01C3231C938100300B86 /* Date_Extensions.swift in Sources */ = {isa = PBXBuildFile; fileRef = 5EDD01A0231C564A00300B86 /* Date_Extensions.swift */; };
		5EDD01C4231C938100300B86 /* APIClient.swift in Sources */ = {isa = PBXBuildFile; fileRef = 5ED5D50A2319F6BF00932021 /* APIClient.swift */; };
		5EDD01C5231C938100300B86 /* HTTPLayer.swift in Sources */ = {isa = PBXBuildFile; fileRef = 5ED5D5092319F6BF00932021 /* HTTPLayer.swift */; };
		5EDD01C8231C938100300B86 /* AppDelegate.swift in Sources */ = {isa = PBXBuildFile; fileRef = 5E422BE123164E0D00CCC88B /* AppDelegate.swift */; };
		5EDD01CA231C938100300B86 /* RootCategory.swift in Sources */ = {isa = PBXBuildFile; fileRef = 5ED5D519231A0A1700932021 /* RootCategory.swift */; };
		5EDD01CB231C938100300B86 /* RootViewModel.swift in Sources */ = {isa = PBXBuildFile; fileRef = 5ED5D50D2319F98E00932021 /* RootViewModel.swift */; };
		5EDD01CC231C938100300B86 /* RootViewControllerExtension.swift in Sources */ = {isa = PBXBuildFile; fileRef = 5ED5D515231A046200932021 /* RootViewControllerExtension.swift */; };
		5EDD01CD231C938100300B86 /* RootViewController.swift in Sources */ = {isa = PBXBuildFile; fileRef = 5E422BE323164E0D00CCC88B /* RootViewController.swift */; };
		5EDD01CE231C938100300B86 /* RootElementCell.swift in Sources */ = {isa = PBXBuildFile; fileRef = 5ED5D512231A03DA00932021 /* RootElementCell.swift */; };
/* End PBXBuildFile section */

/* Begin PBXContainerItemProxy section */
		5EDD01AB231C903800300B86 /* PBXContainerItemProxy */ = {
			isa = PBXContainerItemProxy;
			containerPortal = 5E422BD623164E0D00CCC88B /* Project object */;
			proxyType = 1;
			remoteGlobalIDString = 5E422BDD23164E0D00CCC88B;
			remoteInfo = WheelsUpiOSTest;
		};
/* End PBXContainerItemProxy section */

/* Begin PBXFileReference section */
		5E422BDE23164E0D00CCC88B /* WheelsUpiOSTest.app */ = {isa = PBXFileReference; explicitFileType = wrapper.application; includeInIndex = 0; path = WheelsUpiOSTest.app; sourceTree = BUILT_PRODUCTS_DIR; };
		5E422BE123164E0D00CCC88B /* AppDelegate.swift */ = {isa = PBXFileReference; lastKnownFileType = sourcecode.swift; path = AppDelegate.swift; sourceTree = "<group>"; };
		5E422BE323164E0D00CCC88B /* RootViewController.swift */ = {isa = PBXFileReference; lastKnownFileType = sourcecode.swift; path = RootViewController.swift; sourceTree = "<group>"; };
		5E422BE623164E0D00CCC88B /* Base */ = {isa = PBXFileReference; lastKnownFileType = file.storyboard; name = Base; path = Base.lproj/Main.storyboard; sourceTree = "<group>"; };
		5E422BE823164E0E00CCC88B /* Assets.xcassets */ = {isa = PBXFileReference; lastKnownFileType = folder.assetcatalog; path = Assets.xcassets; sourceTree = "<group>"; };
		5E422BEB23164E0E00CCC88B /* Base */ = {isa = PBXFileReference; lastKnownFileType = file.storyboard; name = Base; path = Base.lproj/LaunchScreen.storyboard; sourceTree = "<group>"; };
		5E422BED23164E0E00CCC88B /* Info.plist */ = {isa = PBXFileReference; lastKnownFileType = text.plist.xml; path = Info.plist; sourceTree = "<group>"; };
		5E8B1931231ADEB5002D97AF /* ItemDetailsViewController.swift */ = {isa = PBXFileReference; lastKnownFileType = sourcecode.swift; path = ItemDetailsViewController.swift; sourceTree = "<group>"; };
		5E8B1933231AE131002D97AF /* ItemDetailsViewModel.swift */ = {isa = PBXFileReference; lastKnownFileType = sourcecode.swift; path = ItemDetailsViewModel.swift; sourceTree = "<group>"; };
		5E8B194C231B3668002D97AF /* GenericItem.swift */ = {isa = PBXFileReference; lastKnownFileType = sourcecode.swift; path = GenericItem.swift; sourceTree = "<group>"; };
		5E8B194E231B49E8002D97AF /* GenericView.xib */ = {isa = PBXFileReference; lastKnownFileType = file.xib; path = GenericView.xib; sourceTree = "<group>"; };
		5E8B1950231B4FC8002D97AF /* GenericView.swift */ = {isa = PBXFileReference; lastKnownFileType = sourcecode.swift; path = GenericView.swift; sourceTree = "<group>"; };
		5E8B1954231B871B002D97AF /* DetailsItem.swift */ = {isa = PBXFileReference; lastKnownFileType = sourcecode.swift; path = DetailsItem.swift; sourceTree = "<group>"; };
		5ED5D5092319F6BF00932021 /* HTTPLayer.swift */ = {isa = PBXFileReference; fileEncoding = 4; lastKnownFileType = sourcecode.swift; path = HTTPLayer.swift; sourceTree = "<group>"; };
		5ED5D50A2319F6BF00932021 /* APIClient.swift */ = {isa = PBXFileReference; fileEncoding = 4; lastKnownFileType = sourcecode.swift; path = APIClient.swift; sourceTree = "<group>"; };
		5ED5D50D2319F98E00932021 /* RootViewModel.swift */ = {isa = PBXFileReference; lastKnownFileType = sourcecode.swift; path = RootViewModel.swift; sourceTree = "<group>"; };
		5ED5D5102319FBFA00932021 /* Int_Extensions.swift */ = {isa = PBXFileReference; lastKnownFileType = sourcecode.swift; path = Int_Extensions.swift; sourceTree = "<group>"; };
		5ED5D512231A03DA00932021 /* RootElementCell.swift */ = {isa = PBXFileReference; lastKnownFileType = sourcecode.swift; path = RootElementCell.swift; sourceTree = "<group>"; };
		5ED5D515231A046200932021 /* RootViewControllerExtension.swift */ = {isa = PBXFileReference; lastKnownFileType = sourcecode.swift; path = RootViewControllerExtension.swift; sourceTree = "<group>"; };
		5ED5D519231A0A1700932021 /* RootCategory.swift */ = {isa = PBXFileReference; lastKnownFileType = sourcecode.swift; path = RootCategory.swift; sourceTree = "<group>"; };
		5ED5D51F231A0C8700932021 /* CategoryDetailViewController.swift */ = {isa = PBXFileReference; lastKnownFileType = sourcecode.swift; path = CategoryDetailViewController.swift; sourceTree = "<group>"; };
		5ED5D521231A10AB00932021 /* CategoryDetailCell.swift */ = {isa = PBXFileReference; lastKnownFileType = sourcecode.swift; path = CategoryDetailCell.swift; sourceTree = "<group>"; };
		5ED5D524231A114600932021 /* CategoryDetailsViewControllerExt.swift */ = {isa = PBXFileReference; lastKnownFileType = sourcecode.swift; path = CategoryDetailsViewControllerExt.swift; sourceTree = "<group>"; };
		5ED5D526231A117900932021 /* CategoryDetailsViewModel.swift */ = {isa = PBXFileReference; lastKnownFileType = sourcecode.swift; path = CategoryDetailsViewModel.swift; sourceTree = "<group>"; };
		5ED5D528231A122000932021 /* CategoryElement.swift */ = {isa = PBXFileReference; lastKnownFileType = sourcecode.swift; path = CategoryElement.swift; sourceTree = "<group>"; };
		5ED5D52E231A2DC900932021 /* String_Extensions.swift */ = {isa = PBXFileReference; lastKnownFileType = sourcecode.swift; path = String_Extensions.swift; sourceTree = "<group>"; };
		5EDD019E231C55FF00300B86 /* DateFormater_Extensions.swift */ = {isa = PBXFileReference; lastKnownFileType = sourcecode.swift; path = DateFormater_Extensions.swift; sourceTree = "<group>"; };
		5EDD01A0231C564A00300B86 /* Date_Extensions.swift */ = {isa = PBXFileReference; lastKnownFileType = sourcecode.swift; path = Date_Extensions.swift; sourceTree = "<group>"; };
		5EDD01A6231C903700300B86 /* WheelsUpiOSUnitTests.xctest */ = {isa = PBXFileReference; explicitFileType = wrapper.cfbundle; includeInIndex = 0; path = WheelsUpiOSUnitTests.xctest; sourceTree = BUILT_PRODUCTS_DIR; };
		5EDD01A8231C903800300B86 /* WheelsUpiOSUnitTests.swift */ = {isa = PBXFileReference; lastKnownFileType = sourcecode.swift; path = WheelsUpiOSUnitTests.swift; sourceTree = "<group>"; };
		5EDD01AA231C903800300B86 /* Info.plist */ = {isa = PBXFileReference; lastKnownFileType = text.plist.xml; path = Info.plist; sourceTree = "<group>"; };
/* End PBXFileReference section */

/* Begin PBXFrameworksBuildPhase section */
		5E422BDB23164E0D00CCC88B /* Frameworks */ = {
			isa = PBXFrameworksBuildPhase;
			buildActionMask = 2147483647;
			files = (
			);
			runOnlyForDeploymentPostprocessing = 0;
		};
		5EDD01A3231C903700300B86 /* Frameworks */ = {
			isa = PBXFrameworksBuildPhase;
			buildActionMask = 2147483647;
			files = (
			);
			runOnlyForDeploymentPostprocessing = 0;
		};
/* End PBXFrameworksBuildPhase section */

/* Begin PBXGroup section */
		5E422BD523164E0D00CCC88B = {
			isa = PBXGroup;
			children = (
				5E422BE023164E0D00CCC88B /* WheelsUpiOSTest */,
				5EDD01A7231C903800300B86 /* WheelsUpiOSUnitTests */,
				5E422BDF23164E0D00CCC88B /* Products */,
			);
			sourceTree = "<group>";
		};
		5E422BDF23164E0D00CCC88B /* Products */ = {
			isa = PBXGroup;
			children = (
				5E422BDE23164E0D00CCC88B /* WheelsUpiOSTest.app */,
				5EDD01A6231C903700300B86 /* WheelsUpiOSUnitTests.xctest */,
			);
			name = Products;
			sourceTree = "<group>";
		};
		5E422BE023164E0D00CCC88B /* WheelsUpiOSTest */ = {
			isa = PBXGroup;
			children = (
				5E8B192D231ADDEE002D97AF /* ItemDetailsViewController */,
				5ED5D51B231A0C6100932021 /* CategoryDetailViewController */,
				5ED5D50F2319FBEE00932021 /* Extensions */,
				5ED5D5082319F5C900932021 /* Networking */,
				5ED5D5072319F5B300932021 /* Storyboards */,
				5ED5D5062319F58D00932021 /* SupportingFiles */,
				5ED5D5022319F52200932021 /* RootViewController */,
				5E422BE823164E0E00CCC88B /* Assets.xcassets */,
			);
			path = WheelsUpiOSTest;
			sourceTree = "<group>";
		};
		5E8B192D231ADDEE002D97AF /* ItemDetailsViewController */ = {
			isa = PBXGroup;
			children = (
				5E8B1930231ADEA4002D97AF /* Model */,
				5E8B192F231ADE9F002D97AF /* VideModel */,
				5E8B192E231ADE9A002D97AF /* View */,
			);
			path = ItemDetailsViewController;
			sourceTree = "<group>";
		};
		5E8B192E231ADE9A002D97AF /* View */ = {
			isa = PBXGroup;
			children = (
				5E8B1931231ADEB5002D97AF /* ItemDetailsViewController.swift */,
			);
			path = View;
			sourceTree = "<group>";
		};
		5E8B192F231ADE9F002D97AF /* VideModel */ = {
			isa = PBXGroup;
			children = (
				5E8B1933231AE131002D97AF /* ItemDetailsViewModel.swift */,
			);
			path = VideModel;
			sourceTree = "<group>";
		};
		5E8B1930231ADEA4002D97AF /* Model */ = {
			isa = PBXGroup;
			children = (
				5E8B1954231B871B002D97AF /* DetailsItem.swift */,
				5E8B194C231B3668002D97AF /* GenericItem.swift */,
			);
			path = Model;
			sourceTree = "<group>";
		};
		5ED5D5022319F52200932021 /* RootViewController */ = {
			isa = PBXGroup;
			children = (
				5ED5D5052319F58200932021 /* Model */,
				5ED5D5042319F57C00932021 /* ViewModel */,
				5ED5D5032319F57600932021 /* View */,
			);
			path = RootViewController;
			sourceTree = "<group>";
		};
		5ED5D5032319F57600932021 /* View */ = {
			isa = PBXGroup;
			children = (
				5ED5D514231A044700932021 /* ViewControllerExtensions */,
				5E422BE323164E0D00CCC88B /* RootViewController.swift */,
				5ED5D512231A03DA00932021 /* RootElementCell.swift */,
			);
			path = View;
			sourceTree = "<group>";
		};
		5ED5D5042319F57C00932021 /* ViewModel */ = {
			isa = PBXGroup;
			children = (
				5ED5D50D2319F98E00932021 /* RootViewModel.swift */,
			);
			path = ViewModel;
			sourceTree = "<group>";
		};
		5ED5D5052319F58200932021 /* Model */ = {
			isa = PBXGroup;
			children = (
				5ED5D519231A0A1700932021 /* RootCategory.swift */,
			);
			path = Model;
			sourceTree = "<group>";
		};
		5ED5D5062319F58D00932021 /* SupportingFiles */ = {
			isa = PBXGroup;
			children = (
				5E422BE123164E0D00CCC88B /* AppDelegate.swift */,
				5E422BED23164E0E00CCC88B /* Info.plist */,
			);
			path = SupportingFiles;
			sourceTree = "<group>";
		};
		5ED5D5072319F5B300932021 /* Storyboards */ = {
			isa = PBXGroup;
			children = (
				5E422BE523164E0D00CCC88B /* Main.storyboard */,
				5E422BEA23164E0E00CCC88B /* LaunchScreen.storyboard */,
			);
			path = Storyboards;
			sourceTree = "<group>";
		};
		5ED5D5082319F5C900932021 /* Networking */ = {
			isa = PBXGroup;
			children = (
				5ED5D50A2319F6BF00932021 /* APIClient.swift */,
				5ED5D5092319F6BF00932021 /* HTTPLayer.swift */,
			);
			path = Networking;
			sourceTree = "<group>";
		};
		5ED5D50F2319FBEE00932021 /* Extensions */ = {
			isa = PBXGroup;
			children = (
				5ED5D5102319FBFA00932021 /* Int_Extensions.swift */,
				5ED5D52E231A2DC900932021 /* String_Extensions.swift */,
				5EDD019E231C55FF00300B86 /* DateFormater_Extensions.swift */,
				5EDD01A0231C564A00300B86 /* Date_Extensions.swift */,
			);
			path = Extensions;
			sourceTree = "<group>";
		};
		5ED5D514231A044700932021 /* ViewControllerExtensions */ = {
			isa = PBXGroup;
			children = (
				5ED5D515231A046200932021 /* RootViewControllerExtension.swift */,
			);
			path = ViewControllerExtensions;
			sourceTree = "<group>";
		};
		5ED5D51B231A0C6100932021 /* CategoryDetailViewController */ = {
			isa = PBXGroup;
			children = (
				5ED5D51E231A0C7900932021 /* Model */,
				5ED5D51D231A0C7300932021 /* ViewModel */,
				5ED5D51C231A0C6E00932021 /* View */,
			);
			path = CategoryDetailViewController;
			sourceTree = "<group>";
		};
		5ED5D51C231A0C6E00932021 /* View */ = {
			isa = PBXGroup;
			children = (
				5ED5D523231A112500932021 /* ViewControllerExtensions */,
				5ED5D51F231A0C8700932021 /* CategoryDetailViewController.swift */,
				5ED5D521231A10AB00932021 /* CategoryDetailCell.swift */,
				5E8B194E231B49E8002D97AF /* GenericView.xib */,
				5E8B1950231B4FC8002D97AF /* GenericView.swift */,
			);
			path = View;
			sourceTree = "<group>";
		};
		5ED5D51D231A0C7300932021 /* ViewModel */ = {
			isa = PBXGroup;
			children = (
				5ED5D526231A117900932021 /* CategoryDetailsViewModel.swift */,
			);
			path = ViewModel;
			sourceTree = "<group>";
		};
		5ED5D51E231A0C7900932021 /* Model */ = {
			isa = PBXGroup;
			children = (
				5ED5D528231A122000932021 /* CategoryElement.swift */,
			);
			path = Model;
			sourceTree = "<group>";
		};
		5ED5D523231A112500932021 /* ViewControllerExtensions */ = {
			isa = PBXGroup;
			children = (
				5ED5D524231A114600932021 /* CategoryDetailsViewControllerExt.swift */,
			);
			path = ViewControllerExtensions;
			sourceTree = "<group>";
		};
		5EDD01A7231C903800300B86 /* WheelsUpiOSUnitTests */ = {
			isa = PBXGroup;
			children = (
				5EDD01A8231C903800300B86 /* WheelsUpiOSUnitTests.swift */,
				5EDD01AA231C903800300B86 /* Info.plist */,
			);
			path = WheelsUpiOSUnitTests;
			sourceTree = "<group>";
		};
/* End PBXGroup section */

/* Begin PBXNativeTarget section */
		5E422BDD23164E0D00CCC88B /* WheelsUpiOSTest */ = {
			isa = PBXNativeTarget;
			buildConfigurationList = 5E422BF023164E0E00CCC88B /* Build configuration list for PBXNativeTarget "WheelsUpiOSTest" */;
			buildPhases = (
				5E422BDA23164E0D00CCC88B /* Sources */,
				5E422BDB23164E0D00CCC88B /* Frameworks */,
				5E422BDC23164E0D00CCC88B /* Resources */,
			);
			buildRules = (
			);
			dependencies = (
			);
			name = WheelsUpiOSTest;
			productName = WheelsUpiOSTest;
			productReference = 5E422BDE23164E0D00CCC88B /* WheelsUpiOSTest.app */;
			productType = "com.apple.product-type.application";
		};
		5EDD01A5231C903700300B86 /* WheelsUpiOSUnitTests */ = {
			isa = PBXNativeTarget;
			buildConfigurationList = 5EDD01AD231C903800300B86 /* Build configuration list for PBXNativeTarget "WheelsUpiOSUnitTests" */;
			buildPhases = (
				5EDD01A2231C903700300B86 /* Sources */,
				5EDD01A3231C903700300B86 /* Frameworks */,
				5EDD01A4231C903700300B86 /* Resources */,
			);
			buildRules = (
			);
			dependencies = (
				5EDD01AC231C903800300B86 /* PBXTargetDependency */,
			);
			name = WheelsUpiOSUnitTests;
			productName = WheelsUpiOSUnitTests;
			productReference = 5EDD01A6231C903700300B86 /* WheelsUpiOSUnitTests.xctest */;
			productType = "com.apple.product-type.bundle.unit-test";
		};
/* End PBXNativeTarget section */

/* Begin PBXProject section */
		5E422BD623164E0D00CCC88B /* Project object */ = {
			isa = PBXProject;
			attributes = {
				LastSwiftUpdateCheck = 1030;
				LastUpgradeCheck = 1030;
				ORGANIZATIONNAME = "Giorgi Lomsadze";
				TargetAttributes = {
					5E422BDD23164E0D00CCC88B = {
						CreatedOnToolsVersion = 10.3;
					};
					5EDD01A5231C903700300B86 = {
						CreatedOnToolsVersion = 10.3;
						TestTargetID = 5E422BDD23164E0D00CCC88B;
					};
				};
			};
			buildConfigurationList = 5E422BD923164E0D00CCC88B /* Build configuration list for PBXProject "WheelsUpiOSTest" */;
			compatibilityVersion = "Xcode 9.3";
			developmentRegion = en;
			hasScannedForEncodings = 0;
			knownRegions = (
				en,
				Base,
			);
			mainGroup = 5E422BD523164E0D00CCC88B;
			productRefGroup = 5E422BDF23164E0D00CCC88B /* Products */;
			projectDirPath = "";
			projectRoot = "";
			targets = (
				5E422BDD23164E0D00CCC88B /* WheelsUpiOSTest */,
				5EDD01A5231C903700300B86 /* WheelsUpiOSUnitTests */,
			);
		};
/* End PBXProject section */

/* Begin PBXResourcesBuildPhase section */
		5E422BDC23164E0D00CCC88B /* Resources */ = {
			isa = PBXResourcesBuildPhase;
			buildActionMask = 2147483647;
			files = (
				5E8B194F231B49E8002D97AF /* GenericView.xib in Resources */,
				5E422BEC23164E0E00CCC88B /* LaunchScreen.storyboard in Resources */,
				5E422BE923164E0E00CCC88B /* Assets.xcassets in Resources */,
				5E422BE723164E0D00CCC88B /* Main.storyboard in Resources */,
			);
			runOnlyForDeploymentPostprocessing = 0;
		};
		5EDD01A4231C903700300B86 /* Resources */ = {
			isa = PBXResourcesBuildPhase;
			buildActionMask = 2147483647;
			files = (
			);
			runOnlyForDeploymentPostprocessing = 0;
		};
/* End PBXResourcesBuildPhase section */

/* Begin PBXSourcesBuildPhase section */
		5E422BDA23164E0D00CCC88B /* Sources */ = {
			isa = PBXSourcesBuildPhase;
			buildActionMask = 2147483647;
			files = (
				5E8B1932231ADEB5002D97AF /* ItemDetailsViewController.swift in Sources */,
				5ED5D50E2319F98E00932021 /* RootViewModel.swift in Sources */,
				5ED5D513231A03DA00932021 /* RootElementCell.swift in Sources */,
				5ED5D51A231A0A1700932021 /* RootCategory.swift in Sources */,
				5E422BE423164E0D00CCC88B /* RootViewController.swift in Sources */,
				5E422BE223164E0D00CCC88B /* AppDelegate.swift in Sources */,
				5ED5D516231A046200932021 /* RootViewControllerExtension.swift in Sources */,
				5ED5D5112319FBFA00932021 /* Int_Extensions.swift in Sources */,
				5ED5D50B2319F6BF00932021 /* HTTPLayer.swift in Sources */,
				5ED5D52F231A2DC900932021 /* String_Extensions.swift in Sources */,
				5EDD01A1231C564A00300B86 /* Date_Extensions.swift in Sources */,
				5ED5D50C2319F6BF00932021 /* APIClient.swift in Sources */,
				5ED5D525231A114600932021 /* CategoryDetailsViewControllerExt.swift in Sources */,
				5E8B194D231B3668002D97AF /* GenericItem.swift in Sources */,
				5EDD019F231C55FF00300B86 /* DateFormater_Extensions.swift in Sources */,
				5E8B1951231B4FC8002D97AF /* GenericView.swift in Sources */,
				5ED5D529231A122000932021 /* CategoryElement.swift in Sources */,
				5E8B1934231AE131002D97AF /* ItemDetailsViewModel.swift in Sources */,
				5ED5D527231A117900932021 /* CategoryDetailsViewModel.swift in Sources */,
				5ED5D520231A0C8700932021 /* CategoryDetailViewController.swift in Sources */,
				5E8B1955231B871B002D97AF /* DetailsItem.swift in Sources */,
				5ED5D522231A10AB00932021 /* CategoryDetailCell.swift in Sources */,
			);
			runOnlyForDeploymentPostprocessing = 0;
		};
		5EDD01A2231C903700300B86 /* Sources */ = {
			isa = PBXSourcesBuildPhase;
			buildActionMask = 2147483647;
			files = (
				5EDD01B4231C938100300B86 /* DetailsItem.swift in Sources */,
				5EDD01B5231C938100300B86 /* GenericItem.swift in Sources */,
				5EDD01B6231C938100300B86 /* ItemDetailsViewModel.swift in Sources */,
				5EDD01B7231C938100300B86 /* ItemDetailsViewController.swift in Sources */,
				5EDD01B8231C938100300B86 /* CategoryElement.swift in Sources */,
				5EDD01BA231C938100300B86 /* CategoryDetailsViewModel.swift in Sources */,
				5EDD01BB231C938100300B86 /* CategoryDetailsViewControllerExt.swift in Sources */,
				5EDD01BC231C938100300B86 /* CategoryDetailViewController.swift in Sources */,
				5EDD01BD231C938100300B86 /* CategoryDetailCell.swift in Sources */,
				5EDD01BF231C938100300B86 /* GenericView.swift in Sources */,
				5EDD01C0231C938100300B86 /* Int_Extensions.swift in Sources */,
				5EDD01C1231C938100300B86 /* String_Extensions.swift in Sources */,
				5EDD01C2231C938100300B86 /* DateFormater_Extensions.swift in Sources */,
				5EDD01C3231C938100300B86 /* Date_Extensions.swift in Sources */,
				5EDD01C4231C938100300B86 /* APIClient.swift in Sources */,
				5EDD01C5231C938100300B86 /* HTTPLayer.swift in Sources */,
				5EDD01C8231C938100300B86 /* AppDelegate.swift in Sources */,
				5EDD01CA231C938100300B86 /* RootCategory.swift in Sources */,
				5EDD01CB231C938100300B86 /* RootViewModel.swift in Sources */,
				5EDD01CC231C938100300B86 /* RootViewControllerExtension.swift in Sources */,
				5EDD01CD231C938100300B86 /* RootViewController.swift in Sources */,
				5EDD01CE231C938100300B86 /* RootElementCell.swift in Sources */,
				5EDD01A9231C903800300B86 /* WheelsUpiOSUnitTests.swift in Sources */,
			);
			runOnlyForDeploymentPostprocessing = 0;
		};
/* End PBXSourcesBuildPhase section */

/* Begin PBXTargetDependency section */
		5EDD01AC231C903800300B86 /* PBXTargetDependency */ = {
			isa = PBXTargetDependency;
			target = 5E422BDD23164E0D00CCC88B /* WheelsUpiOSTest */;
			targetProxy = 5EDD01AB231C903800300B86 /* PBXContainerItemProxy */;
		};
/* End PBXTargetDependency section */

/* Begin PBXVariantGroup section */
		5E422BE523164E0D00CCC88B /* Main.storyboard */ = {
			isa = PBXVariantGroup;
			children = (
				5E422BE623164E0D00CCC88B /* Base */,
			);
			name = Main.storyboard;
			sourceTree = "<group>";
		};
		5E422BEA23164E0E00CCC88B /* LaunchScreen.storyboard */ = {
			isa = PBXVariantGroup;
			children = (
				5E422BEB23164E0E00CCC88B /* Base */,
			);
			name = LaunchScreen.storyboard;
			sourceTree = "<group>";
		};
/* End PBXVariantGroup section */

/* Begin XCBuildConfiguration section */
		5E422BEE23164E0E00CCC88B /* Debug */ = {
			isa = XCBuildConfiguration;
			buildSettings = {
				ALWAYS_SEARCH_USER_PATHS = NO;
				CLANG_ANALYZER_NONNULL = YES;
				CLANG_ANALYZER_NUMBER_OBJECT_CONVERSION = YES_AGGRESSIVE;
				CLANG_CXX_LANGUAGE_STANDARD = "gnu++14";
				CLANG_CXX_LIBRARY = "libc++";
				CLANG_ENABLE_MODULES = YES;
				CLANG_ENABLE_OBJC_ARC = YES;
				CLANG_ENABLE_OBJC_WEAK = YES;
				CLANG_WARN_BLOCK_CAPTURE_AUTORELEASING = YES;
				CLANG_WARN_BOOL_CONVERSION = YES;
				CLANG_WARN_COMMA = YES;
				CLANG_WARN_CONSTANT_CONVERSION = YES;
				CLANG_WARN_DEPRECATED_OBJC_IMPLEMENTATIONS = YES;
				CLANG_WARN_DIRECT_OBJC_ISA_USAGE = YES_ERROR;
				CLANG_WARN_DOCUMENTATION_COMMENTS = YES;
				CLANG_WARN_EMPTY_BODY = YES;
				CLANG_WARN_ENUM_CONVERSION = YES;
				CLANG_WARN_INFINITE_RECURSION = YES;
				CLANG_WARN_INT_CONVERSION = YES;
				CLANG_WARN_NON_LITERAL_NULL_CONVERSION = YES;
				CLANG_WARN_OBJC_IMPLICIT_RETAIN_SELF = YES;
				CLANG_WARN_OBJC_LITERAL_CONVERSION = YES;
				CLANG_WARN_OBJC_ROOT_CLASS = YES_ERROR;
				CLANG_WARN_RANGE_LOOP_ANALYSIS = YES;
				CLANG_WARN_STRICT_PROTOTYPES = YES;
				CLANG_WARN_SUSPICIOUS_MOVE = YES;
				CLANG_WARN_UNGUARDED_AVAILABILITY = YES_AGGRESSIVE;
				CLANG_WARN_UNREACHABLE_CODE = YES;
				CLANG_WARN__DUPLICATE_METHOD_MATCH = YES;
				CODE_SIGN_IDENTITY = "iPhone Developer";
				COPY_PHASE_STRIP = NO;
				DEBUG_INFORMATION_FORMAT = dwarf;
				ENABLE_STRICT_OBJC_MSGSEND = YES;
				ENABLE_TESTABILITY = YES;
				GCC_C_LANGUAGE_STANDARD = gnu11;
				GCC_DYNAMIC_NO_PIC = NO;
				GCC_NO_COMMON_BLOCKS = YES;
				GCC_OPTIMIZATION_LEVEL = 0;
				GCC_PREPROCESSOR_DEFINITIONS = (
					"DEBUG=1",
					"$(inherited)",
				);
				GCC_WARN_64_TO_32_BIT_CONVERSION = YES;
				GCC_WARN_ABOUT_RETURN_TYPE = YES_ERROR;
				GCC_WARN_UNDECLARED_SELECTOR = YES;
				GCC_WARN_UNINITIALIZED_AUTOS = YES_AGGRESSIVE;
				GCC_WARN_UNUSED_FUNCTION = YES;
				GCC_WARN_UNUSED_VARIABLE = YES;
				IPHONEOS_DEPLOYMENT_TARGET = 12.4;
				MTL_ENABLE_DEBUG_INFO = INCLUDE_SOURCE;
				MTL_FAST_MATH = YES;
				ONLY_ACTIVE_ARCH = YES;
				SDKROOT = iphoneos;
				SWIFT_ACTIVE_COMPILATION_CONDITIONS = DEBUG;
				SWIFT_OPTIMIZATION_LEVEL = "-Onone";
				SWIFT_VERSION = 5.0;
			};
			name = Debug;
		};
		5E422BEF23164E0E00CCC88B /* Release */ = {
			isa = XCBuildConfiguration;
			buildSettings = {
				ALWAYS_SEARCH_USER_PATHS = NO;
				CLANG_ANALYZER_NONNULL = YES;
				CLANG_ANALYZER_NUMBER_OBJECT_CONVERSION = YES_AGGRESSIVE;
				CLANG_CXX_LANGUAGE_STANDARD = "gnu++14";
				CLANG_CXX_LIBRARY = "libc++";
				CLANG_ENABLE_MODULES = YES;
				CLANG_ENABLE_OBJC_ARC = YES;
				CLANG_ENABLE_OBJC_WEAK = YES;
				CLANG_WARN_BLOCK_CAPTURE_AUTORELEASING = YES;
				CLANG_WARN_BOOL_CONVERSION = YES;
				CLANG_WARN_COMMA = YES;
				CLANG_WARN_CONSTANT_CONVERSION = YES;
				CLANG_WARN_DEPRECATED_OBJC_IMPLEMENTATIONS = YES;
				CLANG_WARN_DIRECT_OBJC_ISA_USAGE = YES_ERROR;
				CLANG_WARN_DOCUMENTATION_COMMENTS = YES;
				CLANG_WARN_EMPTY_BODY = YES;
				CLANG_WARN_ENUM_CONVERSION = YES;
				CLANG_WARN_INFINITE_RECURSION = YES;
				CLANG_WARN_INT_CONVERSION = YES;
				CLANG_WARN_NON_LITERAL_NULL_CONVERSION = YES;
				CLANG_WARN_OBJC_IMPLICIT_RETAIN_SELF = YES;
				CLANG_WARN_OBJC_LITERAL_CONVERSION = YES;
				CLANG_WARN_OBJC_ROOT_CLASS = YES_ERROR;
				CLANG_WARN_RANGE_LOOP_ANALYSIS = YES;
				CLANG_WARN_STRICT_PROTOTYPES = YES;
				CLANG_WARN_SUSPICIOUS_MOVE = YES;
				CLANG_WARN_UNGUARDED_AVAILABILITY = YES_AGGRESSIVE;
				CLANG_WARN_UNREACHABLE_CODE = YES;
				CLANG_WARN__DUPLICATE_METHOD_MATCH = YES;
				CODE_SIGN_IDENTITY = "iPhone Developer";
				COPY_PHASE_STRIP = NO;
				DEBUG_INFORMATION_FORMAT = "dwarf-with-dsym";
				ENABLE_NS_ASSERTIONS = NO;
				ENABLE_STRICT_OBJC_MSGSEND = YES;
				GCC_C_LANGUAGE_STANDARD = gnu11;
				GCC_NO_COMMON_BLOCKS = YES;
				GCC_WARN_64_TO_32_BIT_CONVERSION = YES;
				GCC_WARN_ABOUT_RETURN_TYPE = YES_ERROR;
				GCC_WARN_UNDECLARED_SELECTOR = YES;
				GCC_WARN_UNINITIALIZED_AUTOS = YES_AGGRESSIVE;
				GCC_WARN_UNUSED_FUNCTION = YES;
				GCC_WARN_UNUSED_VARIABLE = YES;
				IPHONEOS_DEPLOYMENT_TARGET = 12.4;
				MTL_ENABLE_DEBUG_INFO = NO;
				MTL_FAST_MATH = YES;
				SDKROOT = iphoneos;
				SWIFT_COMPILATION_MODE = wholemodule;
				SWIFT_OPTIMIZATION_LEVEL = "-O";
				SWIFT_VERSION = 5.0;
				VALIDATE_PRODUCT = YES;
			};
			name = Release;
		};
		5E422BF123164E0E00CCC88B /* Debug */ = {
			isa = XCBuildConfiguration;
			buildSettings = {
				ALWAYS_EMBED_SWIFT_STANDARD_LIBRARIES = NO;
				ASSETCATALOG_COMPILER_APPICON_NAME = AppIcon;
				CODE_SIGN_STYLE = Automatic;
				DEVELOPMENT_TEAM = 7F8AA547EL;
				INFOPLIST_FILE = "$(SRCROOT)/WheelsUpiOSTest/SupportingFiles/Info.plist";
				IPHONEOS_DEPLOYMENT_TARGET = 11;
				LD_RUNPATH_SEARCH_PATHS = (
					"$(inherited)",
					"@executable_path/Frameworks",
				);
				PRODUCT_BUNDLE_IDENTIFIER = gio.lomsa.WheelsUpiOSTest;
				PRODUCT_NAME = "$(TARGET_NAME)";
				SWIFT_VERSION = 5.0;
				TARGETED_DEVICE_FAMILY = "1,2";
			};
			name = Debug;
		};
		5E422BF223164E0E00CCC88B /* Release */ = {
			isa = XCBuildConfiguration;
			buildSettings = {
				ALWAYS_EMBED_SWIFT_STANDARD_LIBRARIES = NO;
				ASSETCATALOG_COMPILER_APPICON_NAME = AppIcon;
				CODE_SIGN_STYLE = Automatic;
				DEVELOPMENT_TEAM = 7F8AA547EL;
				INFOPLIST_FILE = "$(SRCROOT)/WheelsUpiOSTest/SupportingFiles/Info.plist";
				IPHONEOS_DEPLOYMENT_TARGET = 11;
				LD_RUNPATH_SEARCH_PATHS = (
					"$(inherited)",
					"@executable_path/Frameworks",
				);
				PRODUCT_BUNDLE_IDENTIFIER = gio.lomsa.WheelsUpiOSTest;
				PRODUCT_NAME = "$(TARGET_NAME)";
				SWIFT_VERSION = 5.0;
				TARGETED_DEVICE_FAMILY = "1,2";
			};
			name = Release;
		};
		5EDD01AE231C903800300B86 /* Debug */ = {
			isa = XCBuildConfiguration;
			buildSettings = {
				BUNDLE_LOADER = "$(TEST_HOST)";
				CODE_SIGN_STYLE = Automatic;
				DEVELOPMENT_TEAM = 7F8AA547EL;
				INFOPLIST_FILE = WheelsUpiOSUnitTests/Info.plist;
				LD_RUNPATH_SEARCH_PATHS = (
					"$(inherited)",
					"@executable_path/Frameworks",
					"@loader_path/Frameworks",
				);
				PRODUCT_BUNDLE_IDENTIFIER = gio.lomsa.WheelsUpiOSUnitTests;
				PRODUCT_NAME = "$(TARGET_NAME)";
				SWIFT_VERSION = 5.0;
				TARGETED_DEVICE_FAMILY = "1,2";
				TEST_HOST = "$(BUILT_PRODUCTS_DIR)/WheelsUpiOSTest.app/WheelsUpiOSTest";
			};
			name = Debug;
		};
		5EDD01AF231C903800300B86 /* Release */ = {
			isa = XCBuildConfiguration;
			buildSettings = {
				BUNDLE_LOADER = "$(TEST_HOST)";
				CODE_SIGN_STYLE = Automatic;
				DEVELOPMENT_TEAM = 7F8AA547EL;
				INFOPLIST_FILE = WheelsUpiOSUnitTests/Info.plist;
				LD_RUNPATH_SEARCH_PATHS = (
					"$(inherited)",
					"@executable_path/Frameworks",
					"@loader_path/Frameworks",
				);
				PRODUCT_BUNDLE_IDENTIFIER = gio.lomsa.WheelsUpiOSUnitTests;
				PRODUCT_NAME = "$(TARGET_NAME)";
				SWIFT_VERSION = 5.0;
				TARGETED_DEVICE_FAMILY = "1,2";
				TEST_HOST = "$(BUILT_PRODUCTS_DIR)/WheelsUpiOSTest.app/WheelsUpiOSTest";
			};
			name = Release;
		};
/* End XCBuildConfiguration section */

/* Begin XCConfigurationList section */
		5E422BD923164E0D00CCC88B /* Build configuration list for PBXProject "WheelsUpiOSTest" */ = {
			isa = XCConfigurationList;
			buildConfigurations = (
				5E422BEE23164E0E00CCC88B /* Debug */,
				5E422BEF23164E0E00CCC88B /* Release */,
			);
			defaultConfigurationIsVisible = 0;
			defaultConfigurationName = Release;
		};
		5E422BF023164E0E00CCC88B /* Build configuration list for PBXNativeTarget "WheelsUpiOSTest" */ = {
			isa = XCConfigurationList;
			buildConfigurations = (
				5E422BF123164E0E00CCC88B /* Debug */,
				5E422BF223164E0E00CCC88B /* Release */,
			);
			defaultConfigurationIsVisible = 0;
			defaultConfigurationName = Release;
		};
		5EDD01AD231C903800300B86 /* Build configuration list for PBXNativeTarget "WheelsUpiOSUnitTests" */ = {
			isa = XCConfigurationList;
			buildConfigurations = (
				5EDD01AE231C903800300B86 /* Debug */,
				5EDD01AF231C903800300B86 /* Release */,
			);
			defaultConfigurationIsVisible = 0;
			defaultConfigurationName = Release;
		};
/* End XCConfigurationList section */
	};
	rootObject = 5E422BD623164E0D00CCC88B /* Project object */;
}
